
Microsoft Visual Studio Solution File, Format Version 12.00
# Visual Studio 15
VisualStudioVersion = 15.0.28010.2003
MinimumVisualStudioVersion = 10.0.40219.1
Project("{FAE04EC0-301F-11D3-BF4B-00C04F79EFBC}") = "WPFApplication", "WPFApplication\WPFApplication.csproj", "{D10892D1-98C5-4155-93EB-80BA7FB1AFA7}"
EndProject
Global
	GlobalSection(SolutionConfigurationPlatforms) = preSolution
		Debug|Any CPU = Debug|Any CPU
		Release|Any CPU = Release|Any CPU
	EndGlobalSection
	GlobalSection(ProjectConfigurationPlatforms) = postSolution
		{D10892D1-98C5-4155-93EB-80BA7FB1AFA7}.Debug|Any CPU.ActiveCfg = Debug|Any CPU
		{D10892D1-98C5-4155-93EB-80BA7FB1AFA7}.Debug|Any CPU.Build.0 = Debug|Any CPU
		{D10892D1-98C5-4155-93EB-80BA7FB1AFA7}.Release|Any CPU.ActiveCfg = Release|Any CPU
		{D10892D1-98C5-4155-93EB-80BA7FB1AFA7}.Release|Any CPU.Build.0 = Release|Any CPU
	EndGlobalSection
	GlobalSection(SolutionProperties) = preSolution
		HideSolutionNode = FALSE
	EndGlobalSection
	GlobalSection(ExtensibilityGlobals) = postSolution
		SolutionGuid = {238106DC-E22A-4D9A-8D56-23D9171932B5}
	EndGlobalSection
EndGlobal
